
Microsoft Visual Studio Solution File, Format Version 12.00
# Visual Studio 14
VisualStudioVersion = 14.0.25420.1
MinimumVisualStudioVersion = 10.0.40219.1
Project("{2150E333-8FDC-42A3-9474-1A3956D46DE8}") = "2)BL", "2)BL", "{FDA85E5A-7077-4469-8713-DA203ADE6C58}"
EndProject
Project("{2150E333-8FDC-42A3-9474-1A3956D46DE8}") = "3)Repository", "3)Repository", "{2B611561-F84D-4025-A8EE-2231B994D2B7}"
EndProject
Project("{2150E333-8FDC-42A3-9474-1A3956D46DE8}") = "4)DAL", "4)DAL", "{32B7DEE8-244C-430C-9732-FE4639C9C369}"
EndProject
Project("{2150E333-8FDC-42A3-9474-1A3956D46DE8}") = "5)Common", "5)Common", "{4755E3D4-D281-4147-B832-8E5FAC93699A}"
EndProject
Project("{FAE04EC0-301F-11D3-BF4B-00C04F79EFBC}") = "PCF-POC.BL", "PCF-POC.BL\PCF-POC.BL.csproj", "{B80840A2-CCBB-4A10-9B45-0DD6A46BE8F6}"
EndProject
Project("{FAE04EC0-301F-11D3-BF4B-00C04F79EFBC}") = "PCF-POC.Repository", "PCF-POC.Repository\PCF-POC.Repository.csproj", "{89538822-4F29-45D6-894E-9C765B35113A}"
EndProject
Project("{FAE04EC0-301F-11D3-BF4B-00C04F79EFBC}") = "PCF-POC.DAL", "PCF-POC.DAL\PCF-POC.DAL.csproj", "{228DBDB5-F768-4E6B-960A-0C4C08E56473}"
EndProject
Project("{2150E333-8FDC-42A3-9474-1A3956D46DE8}") = "6)API", "6)API", "{83A4F6B3-CA5D-4FA3-95D3-4ABB406185A1}"
EndProject
Project("{FAE04EC0-301F-11D3-BF4B-00C04F79EFBC}") = "PCF-POC.Common.DI", "PCF-POC.Common.DI\PCF-POC.Common.DI.csproj", "{38981A29-B99F-4778-A4CD-D18BB5F4129F}"
EndProject
Project("{2150E333-8FDC-42A3-9474-1A3956D46DE8}") = "7)Models", "7)Models", "{A95CE6E4-DEED-4EED-B5C9-49B4CA7CED97}"
EndProject
Project("{FAE04EC0-301F-11D3-BF4B-00C04F79EFBC}") = "PCF-POC.Models", "PCF-POC.Models\PCF-POC.Models.csproj", "{6671DADA-EA11-4CE6-BF48-55C47BF0D79C}"
EndProject
Project("{FAE04EC0-301F-11D3-BF4B-00C04F79EFBC}") = "PCF-POC.API", "PCF-POC.API\PCF-POC.API.csproj", "{0E481580-2558-47F4-B24E-CCDE98ED9A7C}"
EndProject
Project("{2150E333-8FDC-42A3-9474-1A3956D46DE8}") = "Solution Items", "Solution Items", "{9C99302C-B0E4-4013-AFB2-1F7A4A003628}"
	ProjectSection(SolutionItems) = preProject
		PCF-POC-AutomationScript\AutomationSelenium.java = PCF-POC-AutomationScript\AutomationSelenium.java
		global.json = global.json
		PCF-POC-MsbuildScript\PCFPOC.msbuild = PCF-POC-MsbuildScript\PCFPOC.msbuild
		PreBuild.ps1 = PreBuild.ps1
	EndProjectSection
EndProject
Project("{2150E333-8FDC-42A3-9474-1A3956D46DE8}") = "1)AppNet", "1)AppNet", "{5EF32F74-4A17-4147-8D92-0E3BC362E4C1}"
EndProject
Project("{FAE04EC0-301F-11D3-BF4B-00C04F79EFBC}") = "PCF-POC-Net", "PCF-POC-Net\PCF-POC-Net.csproj", "{3ED44338-4551-4A5F-801D-79F6097EFE41}"
EndProject
Global
	GlobalSection(SolutionConfigurationPlatforms) = preSolution
		Debug|Any CPU = Debug|Any CPU
		Release|Any CPU = Release|Any CPU
	EndGlobalSection
	GlobalSection(ProjectConfigurationPlatforms) = postSolution
		{B80840A2-CCBB-4A10-9B45-0DD6A46BE8F6}.Debug|Any CPU.ActiveCfg = Debug|Any CPU
		{B80840A2-CCBB-4A10-9B45-0DD6A46BE8F6}.Debug|Any CPU.Build.0 = Debug|Any CPU
		{B80840A2-CCBB-4A10-9B45-0DD6A46BE8F6}.Release|Any CPU.ActiveCfg = Release|Any CPU
		{B80840A2-CCBB-4A10-9B45-0DD6A46BE8F6}.Release|Any CPU.Build.0 = Release|Any CPU
		{89538822-4F29-45D6-894E-9C765B35113A}.Debug|Any CPU.ActiveCfg = Debug|Any CPU
		{89538822-4F29-45D6-894E-9C765B35113A}.Debug|Any CPU.Build.0 = Debug|Any CPU
		{89538822-4F29-45D6-894E-9C765B35113A}.Release|Any CPU.ActiveCfg = Release|Any CPU
		{89538822-4F29-45D6-894E-9C765B35113A}.Release|Any CPU.Build.0 = Release|Any CPU
		{228DBDB5-F768-4E6B-960A-0C4C08E56473}.Debug|Any CPU.ActiveCfg = Debug|Any CPU
		{228DBDB5-F768-4E6B-960A-0C4C08E56473}.Debug|Any CPU.Build.0 = Debug|Any CPU
		{228DBDB5-F768-4E6B-960A-0C4C08E56473}.Release|Any CPU.ActiveCfg = Release|Any CPU
		{228DBDB5-F768-4E6B-960A-0C4C08E56473}.Release|Any CPU.Build.0 = Release|Any CPU
		{38981A29-B99F-4778-A4CD-D18BB5F4129F}.Debug|Any CPU.ActiveCfg = Debug|Any CPU
		{38981A29-B99F-4778-A4CD-D18BB5F4129F}.Debug|Any CPU.Build.0 = Debug|Any CPU
		{38981A29-B99F-4778-A4CD-D18BB5F4129F}.Release|Any CPU.ActiveCfg = Release|Any CPU
		{38981A29-B99F-4778-A4CD-D18BB5F4129F}.Release|Any CPU.Build.0 = Release|Any CPU
		{6671DADA-EA11-4CE6-BF48-55C47BF0D79C}.Debug|Any CPU.ActiveCfg = Debug|Any CPU
		{6671DADA-EA11-4CE6-BF48-55C47BF0D79C}.Debug|Any CPU.Build.0 = Debug|Any CPU
		{6671DADA-EA11-4CE6-BF48-55C47BF0D79C}.Release|Any CPU.ActiveCfg = Release|Any CPU
		{6671DADA-EA11-4CE6-BF48-55C47BF0D79C}.Release|Any CPU.Build.0 = Release|Any CPU
		{0E481580-2558-47F4-B24E-CCDE98ED9A7C}.Debug|Any CPU.ActiveCfg = Debug|Any CPU
		{0E481580-2558-47F4-B24E-CCDE98ED9A7C}.Debug|Any CPU.Build.0 = Debug|Any CPU
		{0E481580-2558-47F4-B24E-CCDE98ED9A7C}.Release|Any CPU.ActiveCfg = Release|Any CPU
		{0E481580-2558-47F4-B24E-CCDE98ED9A7C}.Release|Any CPU.Build.0 = Release|Any CPU
		{3ED44338-4551-4A5F-801D-79F6097EFE41}.Debug|Any CPU.ActiveCfg = Debug|Any CPU
		{3ED44338-4551-4A5F-801D-79F6097EFE41}.Debug|Any CPU.Build.0 = Debug|Any CPU
		{3ED44338-4551-4A5F-801D-79F6097EFE41}.Release|Any CPU.ActiveCfg = Release|Any CPU
		{3ED44338-4551-4A5F-801D-79F6097EFE41}.Release|Any CPU.Build.0 = Release|Any CPU
	EndGlobalSection
	GlobalSection(SolutionProperties) = preSolution
		HideSolutionNode = FALSE
	EndGlobalSection
	GlobalSection(NestedProjects) = preSolution
		{B80840A2-CCBB-4A10-9B45-0DD6A46BE8F6} = {FDA85E5A-7077-4469-8713-DA203ADE6C58}
		{89538822-4F29-45D6-894E-9C765B35113A} = {2B611561-F84D-4025-A8EE-2231B994D2B7}
		{228DBDB5-F768-4E6B-960A-0C4C08E56473} = {32B7DEE8-244C-430C-9732-FE4639C9C369}
		{38981A29-B99F-4778-A4CD-D18BB5F4129F} = {4755E3D4-D281-4147-B832-8E5FAC93699A}
		{6671DADA-EA11-4CE6-BF48-55C47BF0D79C} = {A95CE6E4-DEED-4EED-B5C9-49B4CA7CED97}
		{0E481580-2558-47F4-B24E-CCDE98ED9A7C} = {83A4F6B3-CA5D-4FA3-95D3-4ABB406185A1}
		{3ED44338-4551-4A5F-801D-79F6097EFE41} = {5EF32F74-4A17-4147-8D92-0E3BC362E4C1}
	EndGlobalSection
EndGlobal
